# This file is generated by running "yarn install" inside your project.
# Manual changes might be lost - proceed with caution!

__metadata:
  version: 8
  cacheKey: 10c0

"@bufbuild/protobuf@npm:1.10.0":
  version: 1.10.0
  resolution: "@bufbuild/protobuf@npm:1.10.0"
  checksum: 10c0/5487b9c2e63846d0e3bde4d025cc77ae44a22166a5d6c184df0da5581e1ab6d66dd115af0ccad814576dcd011bb1b93989fb0ac1eb4ae452979bb8b186693ba0
  languageName: node
  linkType: hard

"@connectrpc/connect-node@npm:^1.6.1":
  version: 1.7.0
  resolution: "@connectrpc/connect-node@npm:1.7.0"
  dependencies:
    undici: "npm:^5.28.4"
  peerDependencies:
    "@bufbuild/protobuf": ^1.10.0
    "@connectrpc/connect": 1.7.0
  checksum: 10c0/2d3fdd7ba5be85287e3322f3d6c0b5eed196e6acb783b82695aad8f5acb080ca03440d92c14a190282cea6215e54b24ace966e155b5aa32a2912dce2e2dbd81c
  languageName: node
  linkType: hard

"@connectrpc/connect-web@npm:^1.6.1":
  version: 1.7.0
  resolution: "@connectrpc/connect-web@npm:1.7.0"
  peerDependencies:
    "@bufbuild/protobuf": ^1.10.0
    "@connectrpc/connect": 1.7.0
  checksum: 10c0/3ad4279209a587df7cec1ea0b905058069a73ba23cd271750fac2b3a9e20ee3fd6451fcf27d9920f4f4bb28d8f99dfc6a59a6f8d27c431720cf9134669395b1b
  languageName: node
  linkType: hard

"@connectrpc/connect@npm:^1.6.1":
  version: 1.7.0
  resolution: "@connectrpc/connect@npm:1.7.0"
  peerDependencies:
    "@bufbuild/protobuf": ^1.10.0
  checksum: 10c0/58b6835e966fa589307b7f14b8821d54e5fec92fcb9bb64a8af24076d3a6534b8a80dffdcb71455514772ee53b7ea49429c031602eb19d5ecba2dad4c3eb7a10
  languageName: node
  linkType: hard

"@cursor/sdk-darwin-arm64@npm:1.0.27":
  version: 1.0.27
  resolution: "@cursor/sdk-darwin-arm64@npm:1.0.27"
  bin:
    rg: bin/rg
  conditions: os=darwin & cpu=arm64
  languageName: node
  linkType: hard

"@cursor/sdk-darwin-x64@npm:1.0.27":
  version: 1.0.27
  resolution: "@cursor/sdk-darwin-x64@npm:1.0.27"
  bin:
    rg: bin/rg
  conditions: os=darwin & cpu=x64
  languageName: node
  linkType: hard

"@cursor/sdk-linux-arm64@npm:1.0.27":
  version: 1.0.27
  resolution: "@cursor/sdk-linux-arm64@npm:1.0.27"
  bin:
    rg: bin/rg
  conditions: os=linux & cpu=arm64
  languageName: node
  linkType: hard

"@cursor/sdk-linux-x64@npm:1.0.27":
  version: 1.0.27
  resolution: "@cursor/sdk-linux-x64@npm:1.0.27"
  bin:
    rg: bin/rg
  conditions: os=linux & cpu=x64
  languageName: node
  linkType: hard

"@cursor/sdk-win32-x64@npm:1.0.27":
  version: 1.0.27
  resolution: "@cursor/sdk-win32-x64@npm:1.0.27"
  bin:
    rg: bin/rg.exe
  conditions: os=win32 & cpu=x64
  languageName: node
  linkType: hard

"@cursor/sdk@npm:latest":
  version: 1.0.27
  resolution: "@cursor/sdk@npm:1.0.27"
  dependencies:
    "@bufbuild/protobuf": "npm:1.10.0"
    "@connectrpc/connect": "npm:^1.6.1"
    "@connectrpc/connect-node": "npm:^1.6.1"
    "@connectrpc/connect-web": "npm:^1.6.1"
    "@cursor/sdk-darwin-arm64": "npm:1.0.27"
    "@cursor/sdk-darwin-x64": "npm:1.0.27"
    "@cursor/sdk-linux-arm64": "npm:1.0.27"
    "@cursor/sdk-linux-x64": "npm:1.0.27"
    "@cursor/sdk-win32-x64": "npm:1.0.27"
    "@statsig/js-client": "npm:3.31.0"
    zod: "npm:^3.25.0"
  dependenciesMeta:
    "@cursor/sdk-darwin-arm64":
      optional: true
    "@cursor/sdk-darwin-x64":
      optional: true
    "@cursor/sdk-linux-arm64":
      optional: true
    "@cursor/sdk-linux-x64":
      optional: true
    "@cursor/sdk-win32-x64":
      optional: true
  checksum: 10c0/7b078460cad6a060af7361de0c868aa3e0481e4ee61a00e1fb26040bb2771f7564388435fe8b277db9e145b87c4e5c60799138d6c781b42840ff126c262ecc43
  languageName: node
  linkType: hard

"@fastify/busboy@npm:^2.0.0":
  version: 2.1.1
  resolution: "@fastify/busboy@npm:2.1.1"
  checksum: 10c0/6f8027a8cba7f8f7b736718b013f5a38c0476eea67034c94a0d3c375e2b114366ad4419e6a6fa7ffc2ef9c6d3e0435d76dd584a7a1cbac23962fda7650b579e3
  languageName: node
  linkType: hard

"@statsig/client-core@npm:3.31.0":
  version: 3.31.0
  resolution: "@statsig/client-core@npm:3.31.0"
  checksum: 10c0/11988ba4f4c16fc189f0da5a8297c0cb774485efbc50a80ba2d9a58421257567c4266f942a7b7da2453187a1f4b0a5f8a25a97ecb215d2f483cfb4f5a2dbee96
  languageName: node
  linkType: hard

"@statsig/js-client@npm:3.31.0":
  version: 3.31.0
  resolution: "@statsig/js-client@npm:3.31.0"
  dependencies:
    "@statsig/client-core": "npm:3.31.0"
  checksum: 10c0/1e0d0629572ddad1a610300bfba8b197fdb02366db71ae2d23dcbaf341c3815be13ff7319330ce33ccb5c4b67bee7298a05338807878a983be6c4026ce6db76e
  languageName: node
  linkType: hard

"todos-rn-automation@workspace:.":
  version: 0.0.0-use.local
  resolution: "todos-rn-automation@workspace:."
  dependencies:
    "@cursor/sdk": "npm:latest"
  languageName: unknown
  linkType: soft

"undici@npm:^5.28.4":
  version: 5.29.0
  resolution: "undici@npm:5.29.0"
  dependencies:
    "@fastify/busboy": "npm:^2.0.0"
  checksum: 10c0/e4e4d631ca54ee0ad82d2e90e7798fa00a106e27e6c880687e445cc2f13b4bc87c5eba2a88c266c3eecffb18f26e227b778412da74a23acc374fca7caccec49b
  languageName: node
  linkType: hard

"zod@npm:^3.25.0":
  version: 3.25.76
  resolution: "zod@npm:3.25.76"
  checksum: 10c0/5718ec35e3c40b600316c5b4c5e4976f7fee68151bc8f8d90ec18a469be9571f072e1bbaace10f1e85cf8892ea12d90821b200e980ab46916a6166a4260a983c
  languageName: node
  linkType: hard
